
Microsoft Visual Studio Solution File, Format Version 12.00
# Visual Studio Version 16
VisualStudioVersion = 16.0.30907.101
MinimumVisualStudioVersion = 10.0.40219.1
Project("{FAE04EC0-301F-11D3-BF4B-00C04F79EFBC}") = "aspnetidentity3", "aspnetidentity3.csproj", "{4825DFEE-1398-4296-B12D-5D0C2E7282F4}"
EndProject
Global
	GlobalSection(SolutionConfigurationPlatforms) = preSolution
		Debug|Any CPU = Debug|Any CPU
		Release|Any CPU = Release|Any CPU
	EndGlobalSection
	GlobalSection(ProjectConfigurationPlatforms) = postSolution
		{4825DFEE-1398-4296-B12D-5D0C2E7282F4}.Debug|Any CPU.ActiveCfg = Debug|Any CPU
		{4825DFEE-1398-4296-B12D-5D0C2E7282F4}.Debug|Any CPU.Build.0 = Debug|Any CPU
		{4825DFEE-1398-4296-B12D-5D0C2E7282F4}.Release|Any CPU.ActiveCfg = Release|Any CPU
		{4825DFEE-1398-4296-B12D-5D0C2E7282F4}.Release|Any CPU.Build.0 = Release|Any CPU
	EndGlobalSection
	GlobalSection(SolutionProperties) = preSolution
		HideSolutionNode = FALSE
	EndGlobalSection
	GlobalSection(ExtensibilityGlobals) = postSolution
		SolutionGuid = {E88E2242-0E81-4562-A726-F52EB82B1890}
	EndGlobalSection
EndGlobal
